
Microsoft Visual Studio Solution File, Format Version 12.00
# Visual Studio Version 17
VisualStudioVersion = 17.3.32825.248
MinimumVisualStudioVersion = 10.0.40219.1
Project("{FAE04EC0-301F-11D3-BF4B-00C04F79EFBC}") = "rtoasaS3.Android", "rtoasaS3.Android\rtoasaS3.Android.csproj", "{F4A77320-5CF2-4DED-B02F-09575A202721}"
EndProject
Project("{FAE04EC0-301F-11D3-BF4B-00C04F79EFBC}") = "rtoasaS3.iOS", "rtoasaS3.iOS\rtoasaS3.iOS.csproj", "{8B3EADAA-65DC-4063-8B3D-C09B2312B2D2}"
EndProject
Project("{FAE04EC0-301F-11D3-BF4B-00C04F79EFBC}") = "rtoasaS3", "rtoasaS3\rtoasaS3.csproj", "{F4E76284-9A0D-4AB8-9D51-A1C158ABFBFF}"
EndProject
Global
	GlobalSection(SolutionConfigurationPlatforms) = preSolution
		Debug|Any CPU = Debug|Any CPU
		Debug|iPhone = Debug|iPhone
		Debug|iPhoneSimulator = Debug|iPhoneSimulator
		Release|Any CPU = Release|Any CPU
		Release|iPhone = Release|iPhone
		Release|iPhoneSimulator = Release|iPhoneSimulator
	EndGlobalSection
	GlobalSection(ProjectConfigurationPlatforms) = postSolution
		{F4A77320-5CF2-4DED-B02F-09575A202721}.Debug|Any CPU.ActiveCfg = Debug|Any CPU
		{F4A77320-5CF2-4DED-B02F-09575A202721}.Debug|Any CPU.Build.0 = Debug|Any CPU
		{F4A77320-5CF2-4DED-B02F-09575A202721}.Debug|Any CPU.Deploy.0 = Debug|Any CPU
		{F4A77320-5CF2-4DED-B02F-09575A202721}.Debug|iPhone.ActiveCfg = Debug|Any CPU
		{F4A77320-5CF2-4DED-B02F-09575A202721}.Debug|iPhone.Build.0 = Debug|Any CPU
		{F4A77320-5CF2-4DED-B02F-09575A202721}.Debug|iPhone.Deploy.0 = Debug|Any CPU
		{F4A77320-5CF2-4DED-B02F-09575A202721}.Debug|iPhoneSimulator.ActiveCfg = Debug|Any CPU
		{F4A77320-5CF2-4DED-B02F-09575A202721}.Debug|iPhoneSimulator.Build.0 = Debug|Any CPU
		{F4A77320-5CF2-4DED-B02F-09575A202721}.Debug|iPhoneSimulator.Deploy.0 = Debug|Any CPU
		{F4A77320-5CF2-4DED-B02F-09575A202721}.Release|Any CPU.ActiveCfg = Release|Any CPU
		{F4A77320-5CF2-4DED-B02F-09575A202721}.Release|Any CPU.Build.0 = Release|Any CPU
		{F4A77320-5CF2-4DED-B02F-09575A202721}.Release|Any CPU.Deploy.0 = Release|Any CPU
		{F4A77320-5CF2-4DED-B02F-09575A202721}.Release|iPhone.ActiveCfg = Release|Any CPU
		{F4A77320-5CF2-4DED-B02F-09575A202721}.Release|iPhone.Build.0 = Release|Any CPU
		{F4A77320-5CF2-4DED-B02F-09575A202721}.Release|iPhone.Deploy.0 = Release|Any CPU
		{F4A77320-5CF2-4DED-B02F-09575A202721}.Release|iPhoneSimulator.ActiveCfg = Release|Any CPU
		{F4A77320-5CF2-4DED-B02F-09575A202721}.Release|iPhoneSimulator.Build.0 = Release|Any CPU
		{F4A77320-5CF2-4DED-B02F-09575A202721}.Release|iPhoneSimulator.Deploy.0 = Release|Any CPU
		{8B3EADAA-65DC-4063-8B3D-C09B2312B2D2}.Debug|Any CPU.ActiveCfg = Debug|iPhone
		{8B3EADAA-65DC-4063-8B3D-C09B2312B2D2}.Debug|Any CPU.Build.0 = Debug|iPhone
		{8B3EADAA-65DC-4063-8B3D-C09B2312B2D2}.Debug|Any CPU.Deploy.0 = Debug|iPhone
		{8B3EADAA-65DC-4063-8B3D-C09B2312B2D2}.Debug|iPhone.ActiveCfg = Debug|iPhone
		{8B3EADAA-65DC-4063-8B3D-C09B2312B2D2}.Debug|iPhone.Build.0 = Debug|iPhone
		{8B3EADAA-65DC-4063-8B3D-C09B2312B2D2}.Debug|iPhone.Deploy.0 = Debug|iPhone
		{8B3EADAA-65DC-4063-8B3D-C09B2312B2D2}.Debug|iPhoneSimulator.ActiveCfg = Debug|iPhoneSimulator
		{8B3EADAA-65DC-4063-8B3D-C09B2312B2D2}.Debug|iPhoneSimulator.Build.0 = Debug|iPhoneSimulator
		{8B3EADAA-65DC-4063-8B3D-C09B2312B2D2}.Debug|iPhoneSimulator.Deploy.0 = Debug|iPhoneSimulator
		{8B3EADAA-65DC-4063-8B3D-C09B2312B2D2}.Release|Any CPU.ActiveCfg = Release|iPhoneSimulator
		{8B3EADAA-65DC-4063-8B3D-C09B2312B2D2}.Release|Any CPU.Build.0 = Release|iPhoneSimulator
		{8B3EADAA-65DC-4063-8B3D-C09B2312B2D2}.Release|Any CPU.Deploy.0 = Release|iPhoneSimulator
		{8B3EADAA-65DC-4063-8B3D-C09B2312B2D2}.Release|iPhone.ActiveCfg = Release|iPhone
		{8B3EADAA-65DC-4063-8B3D-C09B2312B2D2}.Release|iPhone.Build.0 = Release|iPhone
		{8B3EADAA-65DC-4063-8B3D-C09B2312B2D2}.Release|iPhone.Deploy.0 = Release|iPhone
		{8B3EADAA-65DC-4063-8B3D-C09B2312B2D2}.Release|iPhoneSimulator.ActiveCfg = Release|iPhoneSimulator
		{8B3EADAA-65DC-4063-8B3D-C09B2312B2D2}.Release|iPhoneSimulator.Build.0 = Release|iPhoneSimulator
		{8B3EADAA-65DC-4063-8B3D-C09B2312B2D2}.Release|iPhoneSimulator.Deploy.0 = Release|iPhoneSimulator
		{F4E76284-9A0D-4AB8-9D51-A1C158ABFBFF}.Debug|Any CPU.ActiveCfg = Debug|Any CPU
		{F4E76284-9A0D-4AB8-9D51-A1C158ABFBFF}.Debug|Any CPU.Build.0 = Debug|Any CPU
		{F4E76284-9A0D-4AB8-9D51-A1C158ABFBFF}.Debug|Any CPU.Deploy.0 = Debug|Any CPU
		{F4E76284-9A0D-4AB8-9D51-A1C158ABFBFF}.Debug|iPhone.ActiveCfg = Debug|Any CPU
		{F4E76284-9A0D-4AB8-9D51-A1C158ABFBFF}.Debug|iPhone.Build.0 = Debug|Any CPU
		{F4E76284-9A0D-4AB8-9D51-A1C158ABFBFF}.Debug|iPhone.Deploy.0 = Debug|Any CPU
		{F4E76284-9A0D-4AB8-9D51-A1C158ABFBFF}.Debug|iPhoneSimulator.ActiveCfg = Debug|Any CPU
		{F4E76284-9A0D-4AB8-9D51-A1C158ABFBFF}.Debug|iPhoneSimulator.Build.0 = Debug|Any CPU
		{F4E76284-9A0D-4AB8-9D51-A1C158ABFBFF}.Debug|iPhoneSimulator.Deploy.0 = Debug|Any CPU
		{F4E76284-9A0D-4AB8-9D51-A1C158ABFBFF}.Release|Any CPU.ActiveCfg = Release|Any CPU
		{F4E76284-9A0D-4AB8-9D51-A1C158ABFBFF}.Release|Any CPU.Build.0 = Release|Any CPU
		{F4E76284-9A0D-4AB8-9D51-A1C158ABFBFF}.Release|Any CPU.Deploy.0 = Release|Any CPU
		{F4E76284-9A0D-4AB8-9D51-A1C158ABFBFF}.Release|iPhone.ActiveCfg = Release|Any CPU
		{F4E76284-9A0D-4AB8-9D51-A1C158ABFBFF}.Release|iPhone.Build.0 = Release|Any CPU
		{F4E76284-9A0D-4AB8-9D51-A1C158ABFBFF}.Release|iPhone.Deploy.0 = Release|Any CPU
		{F4E76284-9A0D-4AB8-9D51-A1C158ABFBFF}.Release|iPhoneSimulator.ActiveCfg = Release|Any CPU
		{F4E76284-9A0D-4AB8-9D51-A1C158ABFBFF}.Release|iPhoneSimulator.Build.0 = Release|Any CPU
		{F4E76284-9A0D-4AB8-9D51-A1C158ABFBFF}.Release|iPhoneSimulator.Deploy.0 = Release|Any CPU
	EndGlobalSection
	GlobalSection(SolutionProperties) = preSolution
		HideSolutionNode = FALSE
	EndGlobalSection
	GlobalSection(ExtensibilityGlobals) = postSolution
		SolutionGuid = {6FFA7B5F-F99A-43A8-855F-A847104C5A16}
	EndGlobalSection
EndGlobal
